{
  "name": "trello-dash-2.0",
  "version": "0.0.0",
  "lockfileVersion": 1,
  "dependencies": {
    "@types/babel-types": {
      "version": "7.0.4",
      "resolved": "https://hbc.jfrog.io/hbc/api/npm/hbc-virt-npm/@types/babel-types/-/babel-types-7.0.4.tgz",
      "integrity": "sha1-v9Ww0NG6E+NR3/ZbblJ4O4FoJsg="
    },
    "@types/babylon": {
      "version": "6.16.3",
      "resolved": "https://hbc.jfrog.io/hbc/api/npm/hbc-virt-npm/@types/babylon/-/babylon-6.16.3.tgz",
      "integrity": "sha1-wpN4E6ify155oABi/EqLFD5yN7s="
    },
    "accepts": {
      "version": "1.3.5",
      "resolved": "https://hbc.jfrog.io/hbc/api/npm/hbc-virt-npm/accepts/-/accepts-1.3.5.tgz",
      "integrity": "sha1-63d99gEXI6OxTopywIBcjoZ0a9I="
    },
    "acorn": {
      "version": "3.3.0",
      "resolved": "https://hbc.jfrog.io/hbc/api/npm/hbc-virt-npm/acorn/-/acorn-3.3.0.tgz",
      "integrity": "sha1-ReN/s56No/JbruP/U2niu18iAXo="
    },
    "acorn-globals": {
      "version": "3.1.0",
      "resolved": "https://hbc.jfrog.io/hbc/api/npm/hbc-virt-npm/acorn-globals/-/acorn-globals-3.1.0.tgz",
      "integrity": "sha1-/YJw9x+7SZawBPqIDuXUZXOnMb8=",
      "dependencies": {
        "acorn": {
          "version": "4.0.13",
          "resolved": "https://hbc.jfrog.io/hbc/api/npm/hbc-virt-npm/acorn/-/acorn-4.0.13.tgz",
          "integrity": "sha1-EFSVrlNh1pe9GVyCUZLhrX8lN4c="
        }
      }
    },
    "ajv": {
      "version": "5.5.2",
      "resolved": "https://hbc.jfrog.io/hbc/api/npm/hbc-virt-npm/ajv/-/ajv-5.5.2.tgz",
      "integrity": "sha1-c7Xuyj+rZT49P5Qis0GtQiBdyWU="
    },
    "align-text": {
      "version": "0.1.4",
      "resolved": "https://hbc.jfrog.io/hbc/api/npm/hbc-virt-npm/align-text/-/align-text-0.1.4.tgz",
      "integrity": "sha1-DNkKVhCT810KmSVsIrcGlDP60Rc="
    },
    "amdefine": {
      "version": "1.0.1",
      "resolved": "https://hbc.jfrog.io/hbc/api/npm/hbc-virt-npm/amdefine/-/amdefine-1.0.1.tgz",
      "integrity": "sha1-SlKCrBZHKek2Gbz9OtFR+BfOkfU="
    },
    "array-flatten": {
      "version": "1.1.1",
      "resolved": "https://hbc.jfrog.io/hbc/api/npm/hbc-virt-npm/array-flatten/-/array-flatten-1.1.1.tgz",
      "integrity": "sha1-ml9pkFGx5wczKPKgCJaLZOopVdI="
    },
    "asap": {
      "version": "2.0.6",
      "resolved": "https://hbc.jfrog.io/hbc/api/npm/hbc-virt-npm/asap/-/asap-2.0.6.tgz",
      "integrity": "sha1-5QNHYR1+aQlDIIu9r+vLwvuGbUY="
    },
    "asn1": {
      "version": "0.2.3",
      "resolved": "https://hbc.jfrog.io/hbc/api/npm/hbc-virt-npm/asn1/-/asn1-0.2.3.tgz",
      "integrity": "sha1-2sh4dxPJlmhJ/IGAd36+nB3fO4Y="
    },
    "assert-plus": {
      "version": "1.0.0",
      "resolved": "https://hbc.jfrog.io/hbc/api/npm/hbc-virt-npm/assert-plus/-/assert-plus-1.0.0.tgz",
      "integrity": "sha1-8S4PPF13sLHN2RRpQuTpbB5N1SU="
    },
    "asynckit": {
      "version": "0.4.0",
      "resolved": "https://hbc.jfrog.io/hbc/api/npm/hbc-virt-npm/asynckit/-/asynckit-0.4.0.tgz",
      "integrity": "sha1-x57Zf380y48robyXkLzDZkdLS3k="
    },
    "aws-sign2": {
      "version": "0.7.0",
      "resolved": "https://hbc.jfrog.io/hbc/api/npm/hbc-virt-npm/aws-sign2/-/aws-sign2-0.7.0.tgz",
      "integrity": "sha1-tG6JCTSpWR8tL2+G1+ap8bP+dqg="
    },
    "aws4": {
      "version": "1.7.0",
      "resolved": "https://hbc.jfrog.io/hbc/api/npm/hbc-virt-npm/aws4/-/aws4-1.7.0.tgz",
      "integrity": "sha1-1NDpudv8p3vwjusKikcVUP454ok="
    },
    "axios": {
      "version": "0.18.0",
      "resolved": "https://hbc.jfrog.io/hbc/api/npm/hbc-virt-npm/axios/-/axios-0.18.0.tgz",
      "integrity": "sha1-MtU+SFHv3AoRmTts0AB4nXDAUQI="
    },
    "babel-runtime": {
      "version": "6.26.0",
      "resolved": "https://hbc.jfrog.io/hbc/api/npm/hbc-virt-npm/babel-runtime/-/babel-runtime-6.26.0.tgz",
      "integrity": "sha1-llxwWGaOgrVde/4E/yM3vItWR/4="
    },
    "babel-types": {
      "version": "6.26.0",
      "resolved": "https://hbc.jfrog.io/hbc/api/npm/hbc-virt-npm/babel-types/-/babel-types-6.26.0.tgz",
      "integrity": "sha1-o7Bz+Uq0nrb6Vc1lInozQ4BjJJc="
    },
    "babylon": {
      "version": "6.18.0",
      "resolved": "https://hbc.jfrog.io/hbc/api/npm/hbc-virt-npm/babylon/-/babylon-6.18.0.tgz",
      "integrity": "sha1-ry87iPpvXB5MY00aD46sT1WzleM="
    },
    "basic-auth": {
      "version": "2.0.0",
      "resolved": "https://hbc.jfrog.io/hbc/api/npm/hbc-virt-npm/basic-auth/-/basic-auth-2.0.0.tgz",
      "integrity": "sha1-AV2z81PgLlY3d1X5YnQuiYHnu7o="
    },
    "bcrypt-pbkdf": {
      "version": "1.0.2",
      "resolved": "https://hbc.jfrog.io/hbc/api/npm/hbc-virt-npm/bcrypt-pbkdf/-/bcrypt-pbkdf-1.0.2.tgz",
      "integrity": "sha1-pDAdOJtqQ/m2f/PKEaP2Y342Dp4=",
      "optional": true
    },
    "bluebird": {
      "version": "3.5.1",
      "resolved": "https://hbc.jfrog.io/hbc/api/npm/hbc-virt-npm/bluebird/-/bluebird-3.5.1.tgz",
      "integrity": "sha1-2VUfnemPH82h5oPRfukaBgLuLrk="
    },
    "body-parser": {
      "version": "1.18.2",
      "resolved": "https://hbc.jfrog.io/hbc/api/npm/hbc-virt-npm/body-parser/-/body-parser-1.18.2.tgz",
      "integrity": "sha1-h2eKGdhLR9hZuDGZvVm84iKxBFQ="
    },
    "bytes": {
      "version": "3.0.0",
      "resolved": "https://hbc.jfrog.io/hbc/api/npm/hbc-virt-npm/bytes/-/bytes-3.0.0.tgz",
      "integrity": "sha1-0ygVQE1olpn4Wk6k+odV3ROpYEg="
    },
    "camelcase": {
      "version": "1.2.1",
      "resolved": "https://hbc.jfrog.io/hbc/api/npm/hbc-virt-npm/camelcase/-/camelcase-1.2.1.tgz",
      "integrity": "sha1-m7UwTS4LVmmLLHWLCKPqqdqlijk="
    },
    "caseless": {
      "version": "0.12.0",
      "resolved": "https://hbc.jfrog.io/hbc/api/npm/hbc-virt-npm/caseless/-/caseless-0.12.0.tgz",
      "integrity": "sha1-G2gcIf+EAzyCZUMJBolCDRhxUdw="
    },
    "center-align": {
      "version": "0.1.3",
      "resolved": "https://hbc.jfrog.io/hbc/api/npm/hbc-virt-npm/center-align/-/center-align-0.1.3.tgz",
      "integrity": "sha1-qg0yYptu6XIgBBHL1EYckHvCt60="
    },
    "character-parser": {
      "version": "2.2.0",
      "resolved": "https://hbc.jfrog.io/hbc/api/npm/hbc-virt-npm/character-parser/-/character-parser-2.2.0.tgz",
      "integrity": "sha1-x84o821LzZdE5f/CxfzeHHMmH8A="
    },
    "clean-css": {
      "version": "3.4.28",
      "resolved": "https://hbc.jfrog.io/hbc/api/npm/hbc-virt-npm/clean-css/-/clean-css-3.4.28.tgz",
      "integrity": "sha1-vxlF6C/ICPVWlebd6uwBQA79A/8="
    },
    "cliui": {
      "version": "2.1.0",
      "resolved": "https://hbc.jfrog.io/hbc/api/npm/hbc-virt-npm/cliui/-/cliui-2.1.0.tgz",
      "integrity": "sha1-S0dXYP+AJkx2LDoXGQMukcf+oNE="
    },
    "co": {
      "version": "4.6.0",
      "resolved": "https://hbc.jfrog.io/hbc/api/npm/hbc-virt-npm/co/-/co-4.6.0.tgz",
      "integrity": "sha1-bqa989hTrlTMuOR7+gvz+QMfsYQ="
    },
    "combined-stream": {
      "version": "1.0.6",
      "resolved": "https://hbc.jfrog.io/hbc/api/npm/hbc-virt-npm/combined-stream/-/combined-stream-1.0.6.tgz",
      "integrity": "sha1-cj599ugBrFYTETp+RFqbactjKBg="
    },
    "commander": {
      "version": "2.8.1",
      "resolved": "https://hbc.jfrog.io/hbc/api/npm/hbc-virt-npm/commander/-/commander-2.8.1.tgz",
      "integrity": "sha1-Br42f+v9oMMwqh4qBy09yXYkJdQ="
    },
    "constantinople": {
      "version": "3.1.2",
      "resolved": "https://hbc.jfrog.io/hbc/api/npm/hbc-virt-npm/constantinople/-/constantinople-3.1.2.tgz",
      "integrity": "sha1-1F7XJPV9PRBQABen06iJwTga5kc="
    },
    "content-disposition": {
      "version": "0.5.2",
      "resolved": "https://hbc.jfrog.io/hbc/api/npm/hbc-virt-npm/content-disposition/-/content-disposition-0.5.2.tgz",
      "integrity": "sha1-DPaLud318r55YcOoUXjLhdunjLQ="
    },
    "content-type": {
      "version": "1.0.4",
      "resolved": "https://hbc.jfrog.io/hbc/api/npm/hbc-virt-npm/content-type/-/content-type-1.0.4.tgz",
      "integrity": "sha1-4TjMdeBAxyexlm/l5fjJruJW/js="
    },
    "cookie": {
      "version": "0.3.1",
      "resolved": "https://hbc.jfrog.io/hbc/api/npm/hbc-virt-npm/cookie/-/cookie-0.3.1.tgz",
      "integrity": "sha1-5+Ch+e9DtMi6klxcWpboBtFoc7s="
    },
    "cookie-parser": {
      "version": "1.4.3",
      "resolved": "https://hbc.jfrog.io/hbc/api/npm/hbc-virt-npm/cookie-parser/-/cookie-parser-1.4.3.tgz",
      "integrity": "sha1-D+MfoZ0AC5X0qt8fU/3CuKIDuqU="
    },
    "cookie-signature": {
      "version": "1.0.6",
      "resolved": "https://hbc.jfrog.io/hbc/api/npm/hbc-virt-npm/cookie-signature/-/cookie-signature-1.0.6.tgz",
      "integrity": "sha1-4wOogrNCzD7oylE6eZmXNNqzriw="
    },
    "core-js": {
      "version": "2.5.7",
      "resolved": "https://hbc.jfrog.io/hbc/api/npm/hbc-virt-npm/core-js/-/core-js-2.5.7.tgz",
      "integrity": "sha1-+XJgj/DOrWi4QaFqky0LGDeRgU4="
    },
    "core-util-is": {
      "version": "1.0.2",
      "resolved": "https://hbc.jfrog.io/hbc/api/npm/hbc-virt-npm/core-util-is/-/core-util-is-1.0.2.tgz",
      "integrity": "sha1-tf1UIgqivFq1eqtxQMlAdUUDwac="
    },
    "dashdash": {
      "version": "1.14.1",
      "resolved": "https://hbc.jfrog.io/hbc/api/npm/hbc-virt-npm/dashdash/-/dashdash-1.14.1.tgz",
      "integrity": "sha1-hTz6D3y+L+1d4gMmuN1YEDX24vA="
    },
    "debug": {
      "version": "2.6.9",
      "resolved": "https://hbc.jfrog.io/hbc/api/npm/hbc-virt-npm/debug/-/debug-2.6.9.tgz",
      "integrity": "sha1-XRKFFd8TT/Mn6QpMk/Tgd6U2NB8="
    },
    "decamelize": {
      "version": "1.2.0",
      "resolved": "https://hbc.jfrog.io/hbc/api/npm/hbc-virt-npm/decamelize/-/decamelize-1.2.0.tgz",
      "integrity": "sha1-9lNNFRSCabIDUue+4m9QH5oZEpA="
    },
    "delayed-stream": {
      "version": "1.0.0",
      "resolved": "https://hbc.jfrog.io/hbc/api/npm/hbc-virt-npm/delayed-stream/-/delayed-stream-1.0.0.tgz",
      "integrity": "sha1-3zrhmayt+31ECqrgsp4icrJOxhk="
    },
    "depd": {
      "version": "1.1.2",
      "resolved": "https://hbc.jfrog.io/hbc/api/npm/hbc-virt-npm/depd/-/depd-1.1.2.tgz",
      "integrity": "sha1-m81S4UwJd2PnSbJ0xDRu0uVgtak="
    },
    "destroy": {
      "version": "1.0.4",
      "resolved": "https://hbc.jfrog.io/hbc/api/npm/hbc-virt-npm/destroy/-/destroy-1.0.4.tgz",
      "integrity": "sha1-l4hXRCxEdJ5CBmE+N5RiBYJqvYA="
    },
    "doctypes": {
      "version": "1.1.0",
      "resolved": "https://hbc.jfrog.io/hbc/api/npm/hbc-virt-npm/doctypes/-/doctypes-1.1.0.tgz",
      "integrity": "sha1-6oCxBqh1OHdOijpKWv4pPeSJ4Kk="
    },
    "dotenv": {
      "version": "6.0.0",
      "resolved": "https://hbc.jfrog.io/hbc/api/npm/hbc-virt-npm/dotenv/-/dotenv-6.0.0.tgz",
      "integrity": "sha1-JON8BBdBxfSyUySVjrvDS8qWWTU="
    },
    "ecc-jsbn": {
      "version": "0.1.1",
      "resolved": "https://hbc.jfrog.io/hbc/api/npm/hbc-virt-npm/ecc-jsbn/-/ecc-jsbn-0.1.1.tgz",
      "integrity": "sha1-D8c6ntXw1Tw4GTOYUj735UN3dQU=",
      "optional": true
    },
    "ee-first": {
      "version": "1.1.1",
      "resolved": "https://hbc.jfrog.io/hbc/api/npm/hbc-virt-npm/ee-first/-/ee-first-1.1.1.tgz",
      "integrity": "sha1-WQxhFWsK4vTwJVcyoViyZrxWsh0="
    },
    "encodeurl": {
      "version": "1.0.2",
      "resolved": "https://hbc.jfrog.io/hbc/api/npm/hbc-virt-npm/encodeurl/-/encodeurl-1.0.2.tgz",
      "integrity": "sha1-rT/0yG7C0CkyL1oCw6mmBslbP1k="
    },
    "es6-promise": {
      "version": "3.0.2",
      "resolved": "https://registry.npmjs.org/es6-promise/-/es6-promise-3.0.2.tgz",
      "integrity": "sha1-AQ1YWEI6XxGJeWZfRkhqlcbuK7Y="
    },
    "escape-html": {
      "version": "1.0.3",
      "resolved": "https://hbc.jfrog.io/hbc/api/npm/hbc-virt-npm/escape-html/-/escape-html-1.0.3.tgz",
      "integrity": "sha1-Aljq5NPQwJdN4cFpGI7wBR0dGYg="
    },
    "esutils": {
      "version": "2.0.2",
      "resolved": "https://hbc.jfrog.io/hbc/api/npm/hbc-virt-npm/esutils/-/esutils-2.0.2.tgz",
      "integrity": "sha1-Cr9PHKpbyx96nYrMbepPqqBLrJs="
    },
    "etag": {
      "version": "1.8.1",
      "resolved": "https://hbc.jfrog.io/hbc/api/npm/hbc-virt-npm/etag/-/etag-1.8.1.tgz",
      "integrity": "sha1-Qa4u62XvpiJorr/qg6x9eSmbCIc="
    },
    "express": {
      "version": "4.16.3",
      "resolved": "https://hbc.jfrog.io/hbc/api/npm/hbc-virt-npm/express/-/express-4.16.3.tgz",
      "integrity": "sha1-avilAjUNsyRuzEvs9rWjTSL37VM="
    },
    "extend": {
      "version": "3.0.1",
      "resolved": "https://hbc.jfrog.io/hbc/api/npm/hbc-virt-npm/extend/-/extend-3.0.1.tgz",
      "integrity": "sha1-p1Xqe8Gt/MWjHOfnYtuq3F5jZEQ="
    },
    "extsprintf": {
      "version": "1.3.0",
      "resolved": "https://hbc.jfrog.io/hbc/api/npm/hbc-virt-npm/extsprintf/-/extsprintf-1.3.0.tgz",
      "integrity": "sha1-lpGEQOMEGnpBT4xS48V06zw+HgU="
    },
    "fast-deep-equal": {
      "version": "1.1.0",
      "resolved": "https://hbc.jfrog.io/hbc/api/npm/hbc-virt-npm/fast-deep-equal/-/fast-deep-equal-1.1.0.tgz",
      "integrity": "sha1-wFNHeBfIa1HaqFPIHgWbcz0CNhQ="
    },
    "fast-json-stable-stringify": {
      "version": "2.0.0",
      "resolved": "https://hbc.jfrog.io/hbc/api/npm/hbc-virt-npm/fast-json-stable-stringify/-/fast-json-stable-stringify-2.0.0.tgz",
      "integrity": "sha1-1RQsDK7msRifh9OnYREGT4bIu/I="
    },
    "finalhandler": {
      "version": "1.1.1",
      "resolved": "https://hbc.jfrog.io/hbc/api/npm/hbc-virt-npm/finalhandler/-/finalhandler-1.1.1.tgz",
      "integrity": "sha1-7r9O2EAHnIP0JJA4ydcDAIMBsQU="
    },
    "follow-redirects": {
      "version": "1.5.1",
      "resolved": "https://hbc.jfrog.io/hbc/api/npm/hbc-virt-npm/follow-redirects/-/follow-redirects-1.5.1.tgz",
      "integrity": "sha1-Z6jxT1ofZ/liwsRkaceersCpApE=",
      "dependencies": {
        "debug": {
          "version": "3.1.0",
          "resolved": "https://hbc.jfrog.io/hbc/api/npm/hbc-virt-npm/debug/-/debug-3.1.0.tgz",
          "integrity": "sha1-W7WgZyYotkFJVmuhaBnmFRjGcmE="
        }
      }
    },
    "forever-agent": {
      "version": "0.6.1",
      "resolved": "https://hbc.jfrog.io/hbc/api/npm/hbc-virt-npm/forever-agent/-/forever-agent-0.6.1.tgz",
      "integrity": "sha1-+8cfDEGt6zf5bFd60e1C2P2sypE="
    },
    "form-data": {
      "version": "2.3.2",
      "resolved": "https://hbc.jfrog.io/hbc/api/npm/hbc-virt-npm/form-data/-/form-data-2.3.2.tgz",
      "integrity": "sha1-SXBJi+YEwgwAXU9cI67NIda0kJk="
    },
    "forwarded": {
      "version": "0.1.2",
      "resolved": "https://hbc.jfrog.io/hbc/api/npm/hbc-virt-npm/forwarded/-/forwarded-0.1.2.tgz",
      "integrity": "sha1-mMI9qxF1ZXuMBXPozszZGw/xjIQ="
    },
    "fresh": {
      "version": "0.5.2",
      "resolved": "https://hbc.jfrog.io/hbc/api/npm/hbc-virt-npm/fresh/-/fresh-0.5.2.tgz",
      "integrity": "sha1-PYyt2Q2XZWn6g1qx+OSyOhBWBac="
    },
    "function-bind": {
      "version": "1.1.1",
      "resolved": "https://hbc.jfrog.io/hbc/api/npm/hbc-virt-npm/function-bind/-/function-bind-1.1.1.tgz",
      "integrity": "sha1-pWiZ0+o8m6uHS7l3O3xe3pL0iV0="
    },
    "getpass": {
      "version": "0.1.7",
      "resolved": "https://hbc.jfrog.io/hbc/api/npm/hbc-virt-npm/getpass/-/getpass-0.1.7.tgz",
      "integrity": "sha1-Xv+OPmhNVprkyysSgmBOi6YhSfo="
    },
    "graceful-readlink": {
      "version": "1.0.1",
      "resolved": "https://hbc.jfrog.io/hbc/api/npm/hbc-virt-npm/graceful-readlink/-/graceful-readlink-1.0.1.tgz",
      "integrity": "sha1-TK+tdrxi8C+gObL5Tpo906ORpyU="
    },
    "har-schema": {
      "version": "2.0.0",
      "resolved": "https://hbc.jfrog.io/hbc/api/npm/hbc-virt-npm/har-schema/-/har-schema-2.0.0.tgz",
      "integrity": "sha1-qUwiJOvKwEeCoNkDVSHyRzW37JI="
    },
    "har-validator": {
      "version": "5.0.3",
      "resolved": "https://hbc.jfrog.io/hbc/api/npm/hbc-virt-npm/har-validator/-/har-validator-5.0.3.tgz",
      "integrity": "sha1-ukAsJmGU8VlW7xXg/PJCmT9qff0="
    },
    "has": {
      "version": "1.0.3",
      "resolved": "https://hbc.jfrog.io/hbc/api/npm/hbc-virt-npm/has/-/has-1.0.3.tgz",
      "integrity": "sha1-ci18v8H2qoJB8W3YFOAR4fQeh5Y="
    },
    "http-errors": {
      "version": "1.6.3",
      "resolved": "https://hbc.jfrog.io/hbc/api/npm/hbc-virt-npm/http-errors/-/http-errors-1.6.3.tgz",
      "integrity": "sha1-i1VoC7S+KDoLW/TqLjhYC+HZMg0="
    },
    "http-signature": {
      "version": "1.2.0",
      "resolved": "https://hbc.jfrog.io/hbc/api/npm/hbc-virt-npm/http-signature/-/http-signature-1.2.0.tgz",
      "integrity": "sha1-muzZJRFHcvPZW2WmCruPfBj7rOE="
    },
    "iconv-lite": {
      "version": "0.4.19",
      "resolved": "https://hbc.jfrog.io/hbc/api/npm/hbc-virt-npm/iconv-lite/-/iconv-lite-0.4.19.tgz",
      "integrity": "sha1-90aPYBNfXl2tM5nAqBvpoWA6CCs="
    },
    "inherits": {
      "version": "2.0.3",
      "resolved": "https://hbc.jfrog.io/hbc/api/npm/hbc-virt-npm/inherits/-/inherits-2.0.3.tgz",
      "integrity": "sha1-Yzwsg+PaQqUC9SRmAiSA9CCCYd4="
    },
    "ipaddr.js": {
      "version": "1.6.0",
      "resolved": "https://hbc.jfrog.io/hbc/api/npm/hbc-virt-npm/ipaddr.js/-/ipaddr.js-1.6.0.tgz",
      "integrity": "sha1-4/o1e3c9phnybpXwSdBVxyeW+Gs="
    },
    "is-buffer": {
      "version": "1.1.6",
      "resolved": "https://hbc.jfrog.io/hbc/api/npm/hbc-virt-npm/is-buffer/-/is-buffer-1.1.6.tgz",
      "integrity": "sha1-76ouqdqg16suoTqXsritUf776L4="
    },
    "is-expression": {
      "version": "3.0.0",
      "resolved": "https://hbc.jfrog.io/hbc/api/npm/hbc-virt-npm/is-expression/-/is-expression-3.0.0.tgz",
      "integrity": "sha1-Oayqa+f9HzRx3ELHQW5hwkMXrJ8=",
      "dependencies": {
        "acorn": {
          "version": "4.0.13",
          "resolved": "https://hbc.jfrog.io/hbc/api/npm/hbc-virt-npm/acorn/-/acorn-4.0.13.tgz",
          "integrity": "sha1-EFSVrlNh1pe9GVyCUZLhrX8lN4c="
        }
      }
    },
    "is-promise": {
      "version": "2.1.0",
      "resolved": "https://hbc.jfrog.io/hbc/api/npm/hbc-virt-npm/is-promise/-/is-promise-2.1.0.tgz",
      "integrity": "sha1-eaKp7OfwlugPNtKy87wWwf9L8/o="
    },
    "is-regex": {
      "version": "1.0.4",
      "resolved": "https://hbc.jfrog.io/hbc/api/npm/hbc-virt-npm/is-regex/-/is-regex-1.0.4.tgz",
      "integrity": "sha1-VRdIm1RwkbCTDglWVM7SXul+lJE="
    },
    "is-typedarray": {
      "version": "1.0.0",
      "resolved": "https://hbc.jfrog.io/hbc/api/npm/hbc-virt-npm/is-typedarray/-/is-typedarray-1.0.0.tgz",
      "integrity": "sha1-5HnICFjfDBsR3dppQPlgEfzaSpo="
    },
    "isstream": {
      "version": "0.1.2",
      "resolved": "https://hbc.jfrog.io/hbc/api/npm/hbc-virt-npm/isstream/-/isstream-0.1.2.tgz",
      "integrity": "sha1-R+Y/evVa+m+S4VAOaQ64uFKcCZo="
    },
    "js-stringify": {
      "version": "1.0.2",
      "resolved": "https://hbc.jfrog.io/hbc/api/npm/hbc-virt-npm/js-stringify/-/js-stringify-1.0.2.tgz",
      "integrity": "sha1-Fzb939lyTyijaCrcYjCufk6Weds="
    },
    "jsbn": {
      "version": "0.1.1",
      "resolved": "https://hbc.jfrog.io/hbc/api/npm/hbc-virt-npm/jsbn/-/jsbn-0.1.1.tgz",
      "integrity": "sha1-peZUwuWi3rXyAdls77yoDA7y9RM=",
      "optional": true
    },
    "json-schema": {
      "version": "0.2.3",
      "resolved": "https://hbc.jfrog.io/hbc/api/npm/hbc-virt-npm/json-schema/-/json-schema-0.2.3.tgz",
      "integrity": "sha1-tIDIkuWaLwWVTOcnvT8qTogvnhM="
    },
    "json-schema-traverse": {
      "version": "0.3.1",
      "resolved": "https://hbc.jfrog.io/hbc/api/npm/hbc-virt-npm/json-schema-traverse/-/json-schema-traverse-0.3.1.tgz",
      "integrity": "sha1-NJptRMU6Ud6JtAgFxdXlm0F9M0A="
    },
    "json-stringify-safe": {
      "version": "5.0.1",
      "resolved": "https://hbc.jfrog.io/hbc/api/npm/hbc-virt-npm/json-stringify-safe/-/json-stringify-safe-5.0.1.tgz",
      "integrity": "sha1-Epai1Y/UXxmg9s4B1lcB4sc1tus="
    },
    "jsprim": {
      "version": "1.4.1",
      "resolved": "https://hbc.jfrog.io/hbc/api/npm/hbc-virt-npm/jsprim/-/jsprim-1.4.1.tgz",
      "integrity": "sha1-MT5mvB5cwG5Di8G3SZwuXFastqI="
    },
    "jstransformer": {
      "version": "1.0.0",
      "resolved": "https://hbc.jfrog.io/hbc/api/npm/hbc-virt-npm/jstransformer/-/jstransformer-1.0.0.tgz",
      "integrity": "sha1-7Yvwkh4vPx7U1cGkT2hwntJHIsM="
    },
    "kind-of": {
      "version": "3.2.2",
      "resolved": "https://hbc.jfrog.io/hbc/api/npm/hbc-virt-npm/kind-of/-/kind-of-3.2.2.tgz",
      "integrity": "sha1-MeohpzS6ubuw8yRm2JOupR5KPGQ="
    },
    "lazy-cache": {
      "version": "1.0.4",
      "resolved": "https://hbc.jfrog.io/hbc/api/npm/hbc-virt-npm/lazy-cache/-/lazy-cache-1.0.4.tgz",
      "integrity": "sha1-odePw6UEdMuAhF07O24dpJpEbo4="
    },
    "lodash": {
      "version": "4.17.10",
      "resolved": "https://hbc.jfrog.io/hbc/api/npm/hbc-virt-npm/lodash/-/lodash-4.17.10.tgz",
      "integrity": "sha1-G3eTz3JZ6jj7NmHU04syYK+K5Oc="
    },
    "lodash.map": {
      "version": "4.6.0",
      "resolved": "https://hbc.jfrog.io/hbc/api/npm/hbc-virt-npm/lodash.map/-/lodash.map-4.6.0.tgz",
      "integrity": "sha1-dx7Hg540c9nEzeKLGTlMNWL09tM="
    },
    "lodash.transform": {
      "version": "4.6.0",
      "resolved": "https://hbc.jfrog.io/hbc/api/npm/hbc-virt-npm/lodash.transform/-/lodash.transform-4.6.0.tgz",
      "integrity": "sha1-EjBkIvYzJK7YSD0/ODMrX2cFR6A="
    },
    "longest": {
      "version": "1.0.1",
      "resolved": "https://hbc.jfrog.io/hbc/api/npm/hbc-virt-npm/longest/-/longest-1.0.1.tgz",
      "integrity": "sha1-MKCy2jj3N3DoKUoNIuZiXtd9AJc="
    },
    "media-typer": {
      "version": "0.3.0",
      "resolved": "https://hbc.jfrog.io/hbc/api/npm/hbc-virt-npm/media-typer/-/media-typer-0.3.0.tgz",
      "integrity": "sha1-hxDXrwqmJvj/+hzgAWhUUmMlV0g="
    },
    "merge-descriptors": {
      "version": "1.0.1",
      "resolved": "https://hbc.jfrog.io/hbc/api/npm/hbc-virt-npm/merge-descriptors/-/merge-descriptors-1.0.1.tgz",
      "integrity": "sha1-sAqqVW3YtEVoFQ7J0blT8/kMu2E="
    },
    "methods": {
      "version": "1.1.2",
      "resolved": "https://hbc.jfrog.io/hbc/api/npm/hbc-virt-npm/methods/-/methods-1.1.2.tgz",
      "integrity": "sha1-VSmk1nZUE07cxSZmVoNbD4Ua/O4="
    },
    "mime": {
      "version": "1.4.1",
      "resolved": "https://hbc.jfrog.io/hbc/api/npm/hbc-virt-npm/mime/-/mime-1.4.1.tgz",
      "integrity": "sha1-Eh+evEnjdm8xGnbh+hyAA8SwOqY="
    },
    "mime-db": {
      "version": "1.33.0",
      "resolved": "https://hbc.jfrog.io/hbc/api/npm/hbc-virt-npm/mime-db/-/mime-db-1.33.0.tgz",
      "integrity": "sha1-o0kgUKXLm2NFBUHjnZeI0icng9s="
    },
    "mime-types": {
      "version": "2.1.18",
      "resolved": "https://hbc.jfrog.io/hbc/api/npm/hbc-virt-npm/mime-types/-/mime-types-2.1.18.tgz",
      "integrity": "sha1-bzI/YKg9ERRvgx/xH9ZuL+VQO7g="
    },
    "morgan": {
      "version": "1.9.0",
      "resolved": "https://hbc.jfrog.io/hbc/api/npm/hbc-virt-npm/morgan/-/morgan-1.9.0.tgz",
      "integrity": "sha1-0B+mxlhZt2/PMbPLU6OCGjEdgFE="
    },
    "ms": {
      "version": "2.0.0",
      "resolved": "https://hbc.jfrog.io/hbc/api/npm/hbc-virt-npm/ms/-/ms-2.0.0.tgz",
      "integrity": "sha1-VgiurfwAvmwpAd9fmGF4jeDVl8g="
    },
    "negotiator": {
      "version": "0.6.1",
      "resolved": "https://hbc.jfrog.io/hbc/api/npm/hbc-virt-npm/negotiator/-/negotiator-0.6.1.tgz",
      "integrity": "sha1-KzJxhOiZIQEXeyhWP7XnECrNDKk="
    },
    "oauth": {
      "version": "0.9.15",
      "resolved": "https://hbc.jfrog.io/hbc/api/npm/hbc-virt-npm/oauth/-/oauth-0.9.15.tgz",
      "integrity": "sha1-vR/vr2hslrdUda7VGWQS/2DPucE="
    },
    "oauth-sign": {
      "version": "0.8.2",
      "resolved": "https://hbc.jfrog.io/hbc/api/npm/hbc-virt-npm/oauth-sign/-/oauth-sign-0.8.2.tgz",
      "integrity": "sha1-Rqarfwrq2N6unsBWV4C31O/rnUM="
    },
    "object-assign": {
      "version": "4.1.1",
      "resolved": "https://hbc.jfrog.io/hbc/api/npm/hbc-virt-npm/object-assign/-/object-assign-4.1.1.tgz",
      "integrity": "sha1-IQmtx5ZYh8/AXLvUQsrIv7s2CGM="
    },
    "on-finished": {
      "version": "2.3.0",
      "resolved": "https://hbc.jfrog.io/hbc/api/npm/hbc-virt-npm/on-finished/-/on-finished-2.3.0.tgz",
      "integrity": "sha1-IPEzZIGwg811M3mSoWlxqi2QaUc="
    },
    "on-headers": {
      "version": "1.0.1",
      "resolved": "https://hbc.jfrog.io/hbc/api/npm/hbc-virt-npm/on-headers/-/on-headers-1.0.1.tgz",
      "integrity": "sha1-ko9dD0cNSTQmUepnlLCFfBAGk/c="
    },
    "parseurl": {
      "version": "1.3.2",
      "resolved": "https://hbc.jfrog.io/hbc/api/npm/hbc-virt-npm/parseurl/-/parseurl-1.3.2.tgz",
      "integrity": "sha1-/CidTtiZMRlGDBViUyYs3I3mW/M="
    },
    "path-parse": {
      "version": "1.0.5",
      "resolved": "https://hbc.jfrog.io/hbc/api/npm/hbc-virt-npm/path-parse/-/path-parse-1.0.5.tgz",
      "integrity": "sha1-PBrfhx6pzWyUMbbqK9dKD/BVxME="
    },
    "path-to-regexp": {
      "version": "0.1.7",
      "resolved": "https://hbc.jfrog.io/hbc/api/npm/hbc-virt-npm/path-to-regexp/-/path-to-regexp-0.1.7.tgz",
      "integrity": "sha1-32BBeABfUi8V60SQ5yR6G/qmf4w="
    },
    "performance-now": {
      "version": "2.1.0",
      "resolved": "https://hbc.jfrog.io/hbc/api/npm/hbc-virt-npm/performance-now/-/performance-now-2.1.0.tgz",
      "integrity": "sha1-Ywn04OX6kT7BxpMHrjZLSzd8nns="
    },
    "promise": {
      "version": "7.3.1",
      "resolved": "https://hbc.jfrog.io/hbc/api/npm/hbc-virt-npm/promise/-/promise-7.3.1.tgz",
      "integrity": "sha1-BktyYCsY+Q8pGSuLG8QY/9Hr078="
    },
    "proxy-addr": {
      "version": "2.0.3",
      "resolved": "https://hbc.jfrog.io/hbc/api/npm/hbc-virt-npm/proxy-addr/-/proxy-addr-2.0.3.tgz",
      "integrity": "sha1-NV8mJQWmIWRrMTCnKOtkfiIFU0E="
    },
    "pug": {
      "version": "2.0.0-beta11",
      "resolved": "https://hbc.jfrog.io/hbc/api/npm/hbc-virt-npm/pug/-/pug-2.0.0-beta11.tgz",
      "integrity": "sha1-Favmr1AEx+LPRhPksnRlyVRrXwE="
    },
    "pug-attrs": {
      "version": "2.0.3",
      "resolved": "https://hbc.jfrog.io/hbc/api/npm/hbc-virt-npm/pug-attrs/-/pug-attrs-2.0.3.tgz",
      "integrity": "sha1-owlflw5kFR972tlX7vVftdeQXRU="
    },
    "pug-bootstrap": {
      "version": "0.0.15",
      "resolved": "https://hbc.jfrog.io/hbc/api/npm/hbc-virt-npm/pug-bootstrap/-/pug-bootstrap-0.0.15.tgz",
      "integrity": "sha1-Ack6s2nPGpRWdtcOoSUjaAjhIRY=",
      "dependencies": {
        "clean-css": {
          "version": "4.1.11",
          "resolved": "https://hbc.jfrog.io/hbc/api/npm/hbc-virt-npm/clean-css/-/clean-css-4.1.11.tgz",
          "integrity": "sha1-Ls3xRaujj1R0DybO/Q/z4D4SXWo="
        },
        "pug": {
          "version": "2.0.3",
          "resolved": "https://hbc.jfrog.io/hbc/api/npm/hbc-virt-npm/pug/-/pug-2.0.3.tgz",
          "integrity": "sha1-ccuoJTfJWl6rftBGluQiH1Oqh44="
        },
        "pug-code-gen": {
          "version": "2.0.1",
          "resolved": "https://hbc.jfrog.io/hbc/api/npm/hbc-virt-npm/pug-code-gen/-/pug-code-gen-2.0.1.tgz",
          "integrity": "sha1-CVHsgyJddNjPxHan+Zolm199BQw="
        },
        "pug-filters": {
          "version": "3.1.0",
          "resolved": "https://hbc.jfrog.io/hbc/api/npm/hbc-virt-npm/pug-filters/-/pug-filters-3.1.0.tgz",
          "integrity": "sha1-JxZVVbwEwjbkqisDZiRt+gIbYm4="
        },
        "pug-lexer": {
          "version": "4.0.0",
          "resolved": "https://hbc.jfrog.io/hbc/api/npm/hbc-virt-npm/pug-lexer/-/pug-lexer-4.0.0.tgz",
          "integrity": "sha1-IQwYRX7y4XYCQnQMXmR715TOwng="
        },
        "pug-linker": {
          "version": "3.0.5",
          "resolved": "https://hbc.jfrog.io/hbc/api/npm/hbc-virt-npm/pug-linker/-/pug-linker-3.0.5.tgz",
          "integrity": "sha1-npp65ABWgtAn3uuWsAD4juuDoC8="
        },
        "pug-parser": {
          "version": "5.0.0",
          "resolved": "https://hbc.jfrog.io/hbc/api/npm/hbc-virt-npm/pug-parser/-/pug-parser-5.0.0.tgz",
          "integrity": "sha1-45Stmz/KkxI5QK/4hcBuRKt+aOQ="
        },
        "source-map": {
          "version": "0.5.7",
          "resolved": "https://hbc.jfrog.io/hbc/api/npm/hbc-virt-npm/source-map/-/source-map-0.5.7.tgz",
          "integrity": "sha1-igOdLRAh0i0eoUyA2OpGi6LvP8w="
        }
      }
    },
    "pug-code-gen": {
      "version": "1.1.1",
      "resolved": "https://hbc.jfrog.io/hbc/api/npm/hbc-virt-npm/pug-code-gen/-/pug-code-gen-1.1.1.tgz",
      "integrity": "sha1-HPcnRO8qA56uajNAyqoRBYcSWOg="
    },
    "pug-error": {
      "version": "1.3.2",
      "resolved": "https://hbc.jfrog.io/hbc/api/npm/hbc-virt-npm/pug-error/-/pug-error-1.3.2.tgz",
      "integrity": "sha1-U659nSm7A89WRJOgJhCfVMR/XyY="
    },
    "pug-filters": {
      "version": "2.1.5",
      "resolved": "https://hbc.jfrog.io/hbc/api/npm/hbc-virt-npm/pug-filters/-/pug-filters-2.1.5.tgz",
      "integrity": "sha1-Zr9ugNl/vvgpurCqNe3f8z/JZPM="
    },
    "pug-lexer": {
      "version": "3.1.0",
      "resolved": "https://hbc.jfrog.io/hbc/api/npm/hbc-virt-npm/pug-lexer/-/pug-lexer-3.1.0.tgz",
      "integrity": "sha1-/QhzdtSmdbT1n4/vQiiDQ06VgaI="
    },
    "pug-linker": {
      "version": "2.0.3",
      "resolved": "https://hbc.jfrog.io/hbc/api/npm/hbc-virt-npm/pug-linker/-/pug-linker-2.0.3.tgz",
      "integrity": "sha1-szH/olc33eacEntWwQ/xf652bco="
    },
    "pug-load": {
      "version": "2.0.11",
      "resolved": "https://hbc.jfrog.io/hbc/api/npm/hbc-virt-npm/pug-load/-/pug-load-2.0.11.tgz",
      "integrity": "sha1-5kjlftET/iwfRdV4WOorrWvAFSc="
    },
    "pug-parser": {
      "version": "2.0.2",
      "resolved": "https://hbc.jfrog.io/hbc/api/npm/hbc-virt-npm/pug-parser/-/pug-parser-2.0.2.tgz",
      "integrity": "sha1-U6aAz9BQOdywwn0CkJS8SnkmibA="
    },
    "pug-runtime": {
      "version": "2.0.4",
      "resolved": "https://hbc.jfrog.io/hbc/api/npm/hbc-virt-npm/pug-runtime/-/pug-runtime-2.0.4.tgz",
      "integrity": "sha1-4XjhvaaKsujArPybztLFT9iM61g="
    },
    "pug-strip-comments": {
      "version": "1.0.3",
      "resolved": "https://hbc.jfrog.io/hbc/api/npm/hbc-virt-npm/pug-strip-comments/-/pug-strip-comments-1.0.3.tgz",
      "integrity": "sha1-8VWVkiBu3G+FMQ2s9K+0igJa9Z8="
    },
    "pug-walk": {
      "version": "1.1.7",
      "resolved": "https://hbc.jfrog.io/hbc/api/npm/hbc-virt-npm/pug-walk/-/pug-walk-1.1.7.tgz",
      "integrity": "sha1-wA1cUSi6xYBr7BXSt+fNq+QlMfM="
    },
    "punycode": {
      "version": "1.4.1",
      "resolved": "https://hbc.jfrog.io/hbc/api/npm/hbc-virt-npm/punycode/-/punycode-1.4.1.tgz",
      "integrity": "sha1-wNWmOycYgArY4esPpSachN1BhF4="
    },
    "qs": {
      "version": "6.5.1",
      "resolved": "https://hbc.jfrog.io/hbc/api/npm/hbc-virt-npm/qs/-/qs-6.5.1.tgz",
      "integrity": "sha1-NJzfbu+J7EXBLX1es/wMhwNDptg="
    },
    "range-parser": {
      "version": "1.2.0",
      "resolved": "https://hbc.jfrog.io/hbc/api/npm/hbc-virt-npm/range-parser/-/range-parser-1.2.0.tgz",
      "integrity": "sha1-9JvmtIeJTdxA3MlKMi9hEJLgDV4="
    },
    "raw-body": {
      "version": "2.3.2",
      "resolved": "https://hbc.jfrog.io/hbc/api/npm/hbc-virt-npm/raw-body/-/raw-body-2.3.2.tgz",
      "integrity": "sha1-vNYMd9Prk83gBQKVw/N5OJvIj4k=",
      "dependencies": {
        "depd": {
          "version": "1.1.1",
          "resolved": "https://hbc.jfrog.io/hbc/api/npm/hbc-virt-npm/depd/-/depd-1.1.1.tgz",
          "integrity": "sha1-V4O04cRZ8G+lyif5kfPQbnoxA1k="
        },
        "http-errors": {
          "version": "1.6.2",
          "resolved": "https://hbc.jfrog.io/hbc/api/npm/hbc-virt-npm/http-errors/-/http-errors-1.6.2.tgz",
          "integrity": "sha1-CgAsyFcHGSp+eUbO7cERVfYOxzY="
        },
        "setprototypeof": {
          "version": "1.0.3",
          "resolved": "https://hbc.jfrog.io/hbc/api/npm/hbc-virt-npm/setprototypeof/-/setprototypeof-1.0.3.tgz",
          "integrity": "sha1-ZlZ+NwQ+608E2RvWWMDL77VbjgQ="
        }
      }
    },
    "regenerator-runtime": {
      "version": "0.11.1",
      "resolved": "https://hbc.jfrog.io/hbc/api/npm/hbc-virt-npm/regenerator-runtime/-/regenerator-runtime-0.11.1.tgz",
      "integrity": "sha1-vgWtf5v30i4Fb5cmzuUBf78Z4uk="
    },
    "repeat-string": {
      "version": "1.6.1",
      "resolved": "https://hbc.jfrog.io/hbc/api/npm/hbc-virt-npm/repeat-string/-/repeat-string-1.6.1.tgz",
      "integrity": "sha1-jcrkcOHIirwtYA//Sndihtp15jc="
    },
    "request": {
      "version": "2.87.0",
      "resolved": "https://hbc.jfrog.io/hbc/api/npm/hbc-virt-npm/request/-/request-2.87.0.tgz",
      "integrity": "sha1-MvACNc0I1IK00NaNuTqCnA7VdW4="
    },
    "request-promise": {
      "version": "2.0.1",
      "resolved": "https://hbc.jfrog.io/hbc/api/npm/hbc-virt-npm/request-promise/-/request-promise-2.0.1.tgz",
      "integrity": "sha1-rL1HtyXjk3Lt4xdM8pw42ezysw0=",
      "dependencies": {
        "bluebird": {
          "version": "2.11.0",
          "resolved": "https://hbc.jfrog.io/hbc/api/npm/hbc-virt-npm/bluebird/-/bluebird-2.11.0.tgz",
          "integrity": "sha1-U0uQM8AiyVecVro7Plpcqvu2UOE="
        }
      }
    },
    "require-directory": {
      "version": "2.1.1",
      "resolved": "https://hbc.jfrog.io/hbc/api/npm/hbc-virt-npm/require-directory/-/require-directory-2.1.1.tgz",
      "integrity": "sha1-jGStX9MNqxyXbiNE/+f3kqam30I="
    },
    "resolve": {
      "version": "1.8.1",
      "resolved": "https://hbc.jfrog.io/hbc/api/npm/hbc-virt-npm/resolve/-/resolve-1.8.1.tgz",
      "integrity": "sha1-gvHsGaQjrB+9CAsLqwa6NuhKeiY="
    },
    "restler": {
      "version": "3.3.0",
      "resolved": "https://registry.npmjs.org/restler/-/restler-3.3.0.tgz",
      "integrity": "sha1-+TpZteG8LFrQwrlz94EpshgbYHY=",
      "dependencies": {
        "iconv-lite": {
          "version": "0.2.11",
          "resolved": "https://registry.npmjs.org/iconv-lite/-/iconv-lite-0.2.11.tgz",
          "integrity": "sha1-HOYKOleGSiktEyH/RgnKS7llrcg="
        },
        "qs": {
          "version": "1.2.0",
          "resolved": "https://registry.npmjs.org/qs/-/qs-1.2.0.tgz",
          "integrity": "sha1-7Qeb4oaCFH5v2aNMwrDB4OxkU+4="
        }
      }
    },
    "right-align": {
      "version": "0.1.3",
      "resolved": "https://hbc.jfrog.io/hbc/api/npm/hbc-virt-npm/right-align/-/right-align-0.1.3.tgz",
      "integrity": "sha1-YTObci/mo1FWiSENJOFMlhSGE+8="
    },
    "safe-buffer": {
      "version": "5.1.1",
      "resolved": "https://hbc.jfrog.io/hbc/api/npm/hbc-virt-npm/safe-buffer/-/safe-buffer-5.1.1.tgz",
      "integrity": "sha1-iTMSr2myEj3vcfV4iQAWce6yyFM="
    },
    "safer-buffer": {
      "version": "2.1.2",
      "resolved": "https://hbc.jfrog.io/hbc/api/npm/hbc-virt-npm/safer-buffer/-/safer-buffer-2.1.2.tgz",
      "integrity": "sha1-RPoWGwGHuVSd2Eu5GAL5vYOFzWo="
    },
    "sax": {
      "version": "0.5.8",
      "resolved": "https://registry.npmjs.org/sax/-/sax-0.5.8.tgz",
      "integrity": "sha1-1HLbIo6zMcJQaw6MFVJK25OdEsE="
    },
    "send": {
      "version": "0.16.2",
      "resolved": "https://hbc.jfrog.io/hbc/api/npm/hbc-virt-npm/send/-/send-0.16.2.tgz",
      "integrity": "sha1-bsyh4PjBVtFBWXVZhI32RzCmu8E="
    },
    "serve-static": {
      "version": "1.13.2",
      "resolved": "https://hbc.jfrog.io/hbc/api/npm/hbc-virt-npm/serve-static/-/serve-static-1.13.2.tgz",
      "integrity": "sha1-CV6Ecv1bRiN9tQzkhqQ/S4bGzsE="
    },
    "setprototypeof": {
      "version": "1.1.0",
      "resolved": "https://hbc.jfrog.io/hbc/api/npm/hbc-virt-npm/setprototypeof/-/setprototypeof-1.1.0.tgz",
      "integrity": "sha1-0L2FU2iHtv58DYGMuWLZ2RxU5lY="
    },
    "source-map": {
      "version": "0.4.4",
      "resolved": "https://hbc.jfrog.io/hbc/api/npm/hbc-virt-npm/source-map/-/source-map-0.4.4.tgz",
      "integrity": "sha1-66T12pwNyZneaAMti092FzZSA2s="
    },
    "sshpk": {
      "version": "1.14.2",
      "resolved": "https://hbc.jfrog.io/hbc/api/npm/hbc-virt-npm/sshpk/-/sshpk-1.14.2.tgz",
      "integrity": "sha1-xvxhZIo9nE52T9P8306hBeSSupg="
    },
    "statuses": {
      "version": "1.4.0",
      "resolved": "https://hbc.jfrog.io/hbc/api/npm/hbc-virt-npm/statuses/-/statuses-1.4.0.tgz",
      "integrity": "sha1-u3PURtonlhBu/MG2AaJT1sRr0Ic="
    },
    "to-fast-properties": {
      "version": "1.0.3",
      "resolved": "https://hbc.jfrog.io/hbc/api/npm/hbc-virt-npm/to-fast-properties/-/to-fast-properties-1.0.3.tgz",
      "integrity": "sha1-uDVx+k2MJbguIxsG46MFXeTKGkc="
    },
    "token-stream": {
      "version": "0.0.1",
      "resolved": "https://hbc.jfrog.io/hbc/api/npm/hbc-virt-npm/token-stream/-/token-stream-0.0.1.tgz",
      "integrity": "sha1-zu78cXp2xDFvEm0LnbqlXX598Bo="
    },
    "tough-cookie": {
      "version": "2.3.4",
      "resolved": "https://hbc.jfrog.io/hbc/api/npm/hbc-virt-npm/tough-cookie/-/tough-cookie-2.3.4.tgz",
      "integrity": "sha1-7GDO44rGdQY//JelwYlwV47oNlU="
    },
    "trello": {
      "version": "0.9.0",
      "resolved": "https://registry.npmjs.org/trello/-/trello-0.9.0.tgz",
      "integrity": "sha512-nEJG3zO6oqYE1PIYiBZfkS+mY4iZ+s5ljpR1ONzCoXIWhxgSqzJa97odVna1iJYNOZNOx65T/O6wJaBftENVvA=="
    },
    "trello-client": {
      "version": "1.0.12",
      "resolved": "https://hbc.jfrog.io/hbc/api/npm/hbc-virt-npm/trello-client/-/trello-client-1.0.12.tgz",
      "integrity": "sha1-XeFLZdiAL8TpnQSjeRtEBHL3nII="
    },
    "tunnel-agent": {
      "version": "0.6.0",
      "resolved": "https://hbc.jfrog.io/hbc/api/npm/hbc-virt-npm/tunnel-agent/-/tunnel-agent-0.6.0.tgz",
      "integrity": "sha1-J6XeoGs2sEoKmWZ3SykIaPD8QP0="
    },
    "tweetnacl": {
      "version": "0.14.5",
      "resolved": "https://hbc.jfrog.io/hbc/api/npm/hbc-virt-npm/tweetnacl/-/tweetnacl-0.14.5.tgz",
      "integrity": "sha1-WuaBd/GS1EViadEIr6k/+HQ/T2Q=",
      "optional": true
    },
    "type-is": {
      "version": "1.6.16",
      "resolved": "https://hbc.jfrog.io/hbc/api/npm/hbc-virt-npm/type-is/-/type-is-1.6.16.tgz",
      "integrity": "sha1-+JzjQVQcZysl7nrjxz3uOyvlAZQ="
    },
    "uglify-js": {
      "version": "2.8.29",
      "resolved": "https://hbc.jfrog.io/hbc/api/npm/hbc-virt-npm/uglify-js/-/uglify-js-2.8.29.tgz",
      "integrity": "sha1-KcVzMUgFe7Th913zW3qcty5qWd0=",
      "dependencies": {
        "source-map": {
          "version": "0.5.7",
          "resolved": "https://hbc.jfrog.io/hbc/api/npm/hbc-virt-npm/source-map/-/source-map-0.5.7.tgz",
          "integrity": "sha1-igOdLRAh0i0eoUyA2OpGi6LvP8w="
        }
      }
    },
    "uglify-to-browserify": {
      "version": "1.0.2",
      "resolved": "https://hbc.jfrog.io/hbc/api/npm/hbc-virt-npm/uglify-to-browserify/-/uglify-to-browserify-1.0.2.tgz",
      "integrity": "sha1-bgkk1r2mta/jSeOabWMoUKD4grc=",
      "optional": true
    },
    "unpipe": {
      "version": "1.0.0",
      "resolved": "https://hbc.jfrog.io/hbc/api/npm/hbc-virt-npm/unpipe/-/unpipe-1.0.0.tgz",
      "integrity": "sha1-sr9O6FFKrmFltIF4KdIbLvSZBOw="
    },
    "utils-merge": {
      "version": "1.0.1",
      "resolved": "https://hbc.jfrog.io/hbc/api/npm/hbc-virt-npm/utils-merge/-/utils-merge-1.0.1.tgz",
      "integrity": "sha1-n5VxD1CiZ5R7LMwSR0HBAoQn5xM="
    },
    "uuid": {
      "version": "3.3.2",
      "resolved": "https://hbc.jfrog.io/hbc/api/npm/hbc-virt-npm/uuid/-/uuid-3.3.2.tgz",
      "integrity": "sha1-G0r0lV6zB3xQHCOHL8ZROBFYcTE="
    },
    "vary": {
      "version": "1.1.2",
      "resolved": "https://hbc.jfrog.io/hbc/api/npm/hbc-virt-npm/vary/-/vary-1.1.2.tgz",
      "integrity": "sha1-IpnwLG3tMNSllhsLn3RSShj2NPw="
    },
    "verror": {
      "version": "1.10.0",
      "resolved": "https://hbc.jfrog.io/hbc/api/npm/hbc-virt-npm/verror/-/verror-1.10.0.tgz",
      "integrity": "sha1-OhBcoXBTr1XW4nDB+CiGguGNpAA="
    },
    "void-elements": {
      "version": "2.0.1",
      "resolved": "https://hbc.jfrog.io/hbc/api/npm/hbc-virt-npm/void-elements/-/void-elements-2.0.1.tgz",
      "integrity": "sha1-wGavtYK7HLQSjWDqkjkulNXp2+w="
    },
    "window-size": {
      "version": "0.1.0",
      "resolved": "https://hbc.jfrog.io/hbc/api/npm/hbc-virt-npm/window-size/-/window-size-0.1.0.tgz",
      "integrity": "sha1-VDjNLqk7IC76Ohn+iIeu58lPnJ0="
    },
    "with": {
      "version": "5.1.1",
      "resolved": "https://hbc.jfrog.io/hbc/api/npm/hbc-virt-npm/with/-/with-5.1.1.tgz",
      "integrity": "sha1-+k2qktrzLE6pTtRTyB8EaGtXXf4="
    },
    "wordwrap": {
      "version": "0.0.2",
      "resolved": "https://hbc.jfrog.io/hbc/api/npm/hbc-virt-npm/wordwrap/-/wordwrap-0.0.2.tgz",
      "integrity": "sha1-t5Zpu0LstAn4PVg8rVLKF+qhZD8="
    },
    "xml2js": {
      "version": "0.4.0",
      "resolved": "https://registry.npmjs.org/xml2js/-/xml2js-0.4.0.tgz",
      "integrity": "sha1-Ek/EEUtBKcgQgA7LKshs8lRiy5o="
    },
    "xmlbuilder": {
      "version": "10.0.0",
      "resolved": "https://registry.npmjs.org/xmlbuilder/-/xmlbuilder-10.0.0.tgz",
      "integrity": "sha512-7RWHlmF1yU/E++BZkRQTEv8ZFAhZ+YHINUAxiZ5LQTKRQq//igpiY8rh7dJqPzgb/IzeC5jH9P7OaCERfM9DwA=="
    },
    "yaml": {
      "version": "0.2.3",
      "resolved": "https://registry.npmjs.org/yaml/-/yaml-0.2.3.tgz",
      "integrity": "sha1-tUUOkudu82td0k42YAkeuu7z5cc="
    },
    "yargs": {
      "version": "3.10.0",
      "resolved": "https://hbc.jfrog.io/hbc/api/npm/hbc-virt-npm/yargs/-/yargs-3.10.0.tgz",
      "integrity": "sha1-9+572FfdfB0tOMDnTvvWgdFDH9E="
    }
  }
}
